
Microsoft Visual Studio Solution File, Format Version 12.00
# Visual Studio Version 17
VisualStudioVersion = 17.9.34714.143
MinimumVisualStudioVersion = 10.0.40219.1
Project("{C9674DCB-5085-4A16-B785-4C70DD1589BD}") = "Demo3", "Demo3.dtproj", "{91389540-CB1A-4BD7-956D-B34D65FE6213}"
EndProject
Global
	GlobalSection(SolutionConfigurationPlatforms) = preSolution
		Development|Default = Development|Default
	EndGlobalSection
	GlobalSection(ProjectConfigurationPlatforms) = postSolution
		{91389540-CB1A-4BD7-956D-B34D65FE6213}.Development|Default.ActiveCfg = Development
		{91389540-CB1A-4BD7-956D-B34D65FE6213}.Development|Default.Build.0 = Development
	EndGlobalSection
	GlobalSection(SolutionProperties) = preSolution
		HideSolutionNode = FALSE
	EndGlobalSection
	GlobalSection(ExtensibilityGlobals) = postSolution
		SolutionGuid = {570BAD49-AE7C-4256-90D1-0E86482DE910}
	EndGlobalSection
EndGlobal
